
Microsoft Visual Studio Solution File, Format Version 12.00
# Visual Studio 15
VisualStudioVersion = 15.0.26730.12
MinimumVisualStudioVersion = 10.0.40219.1
Project("{FAE04EC0-301F-11D3-BF4B-00C04F79EFBC}") = "App1.Android", "App1\App1.Android\App1.Android.csproj", "{64B86FB8-235D-48CB-A8F5-5C5B4C1AADCC}"
EndProject
Project("{FAE04EC0-301F-11D3-BF4B-00C04F79EFBC}") = "App1", "App1\App1\App1.csproj", "{7C09F67A-63FB-40FF-88A0-B994EA7A7C9F}"
EndProject
Project("{FAE04EC0-301F-11D3-BF4B-00C04F79EFBC}") = "App1.UWP", "App1\App1.UWP\App1.UWP.csproj", "{043F3036-8B3D-4570-B40D-20A00D4443CD}"
EndProject
Project("{FAE04EC0-301F-11D3-BF4B-00C04F79EFBC}") = "App1.iOS", "App1\App1.iOS\App1.iOS.csproj", "{1C4F71E9-AD7E-4DE7-9D5B-0E9B14310D01}"
EndProject
Global
	GlobalSection(SolutionConfigurationPlatforms) = preSolution
		Ad-Hoc|Any CPU = Ad-Hoc|Any CPU
		Ad-Hoc|ARM = Ad-Hoc|ARM
		Ad-Hoc|iPhone = Ad-Hoc|iPhone
		Ad-Hoc|iPhoneSimulator = Ad-Hoc|iPhoneSimulator
		Ad-Hoc|x64 = Ad-Hoc|x64
		Ad-Hoc|x86 = Ad-Hoc|x86
		AppStore|Any CPU = AppStore|Any CPU
		AppStore|ARM = AppStore|ARM
		AppStore|iPhone = AppStore|iPhone
		AppStore|iPhoneSimulator = AppStore|iPhoneSimulator
		AppStore|x64 = AppStore|x64
		AppStore|x86 = AppStore|x86
		Debug|Any CPU = Debug|Any CPU
		Debug|ARM = Debug|ARM
		Debug|iPhone = Debug|iPhone
		Debug|iPhoneSimulator = Debug|iPhoneSimulator
		Debug|x64 = Debug|x64
		Debug|x86 = Debug|x86
		Release|Any CPU = Release|Any CPU
		Release|ARM = Release|ARM
		Release|iPhone = Release|iPhone
		Release|iPhoneSimulator = Release|iPhoneSimulator
		Release|x64 = Release|x64
		Release|x86 = Release|x86
	EndGlobalSection
	GlobalSection(ProjectConfigurationPlatforms) = postSolution
		{64B86FB8-235D-48CB-A8F5-5C5B4C1AADCC}.Ad-Hoc|Any CPU.ActiveCfg = Release|Any CPU
		{64B86FB8-235D-48CB-A8F5-5C5B4C1AADCC}.Ad-Hoc|Any CPU.Build.0 = Release|Any CPU
		{64B86FB8-235D-48CB-A8F5-5C5B4C1AADCC}.Ad-Hoc|Any CPU.Deploy.0 = Release|Any CPU
		{64B86FB8-235D-48CB-A8F5-5C5B4C1AADCC}.Ad-Hoc|ARM.ActiveCfg = Release|Any CPU
		{64B86FB8-235D-48CB-A8F5-5C5B4C1AADCC}.Ad-Hoc|ARM.Build.0 = Release|Any CPU
		{64B86FB8-235D-48CB-A8F5-5C5B4C1AADCC}.Ad-Hoc|ARM.Deploy.0 = Release|Any CPU
		{64B86FB8-235D-48CB-A8F5-5C5B4C1AADCC}.Ad-Hoc|iPhone.ActiveCfg = Release|Any CPU
		{64B86FB8-235D-48CB-A8F5-5C5B4C1AADCC}.Ad-Hoc|iPhone.Build.0 = Release|Any CPU
		{64B86FB8-235D-48CB-A8F5-5C5B4C1AADCC}.Ad-Hoc|iPhone.Deploy.0 = Release|Any CPU
		{64B86FB8-235D-48CB-A8F5-5C5B4C1AADCC}.Ad-Hoc|iPhoneSimulator.ActiveCfg = Release|Any CPU
		{64B86FB8-235D-48CB-A8F5-5C5B4C1AADCC}.Ad-Hoc|iPhoneSimulator.Build.0 = Release|Any CPU
		{64B86FB8-235D-48CB-A8F5-5C5B4C1AADCC}.Ad-Hoc|iPhoneSimulator.Deploy.0 = Release|Any CPU
		{64B86FB8-235D-48CB-A8F5-5C5B4C1AADCC}.Ad-Hoc|x64.ActiveCfg = Release|Any CPU
		{64B86FB8-235D-48CB-A8F5-5C5B4C1AADCC}.Ad-Hoc|x64.Build.0 = Release|Any CPU
		{64B86FB8-235D-48CB-A8F5-5C5B4C1AADCC}.Ad-Hoc|x64.Deploy.0 = Release|Any CPU
		{64B86FB8-235D-48CB-A8F5-5C5B4C1AADCC}.Ad-Hoc|x86.ActiveCfg = Release|Any CPU
		{64B86FB8-235D-48CB-A8F5-5C5B4C1AADCC}.Ad-Hoc|x86.Build.0 = Release|Any CPU
		{64B86FB8-235D-48CB-A8F5-5C5B4C1AADCC}.Ad-Hoc|x86.Deploy.0 = Release|Any CPU
		{64B86FB8-235D-48CB-A8F5-5C5B4C1AADCC}.AppStore|Any CPU.ActiveCfg = Release|Any CPU
		{64B86FB8-235D-48CB-A8F5-5C5B4C1AADCC}.AppStore|Any CPU.Build.0 = Release|Any CPU
		{64B86FB8-235D-48CB-A8F5-5C5B4C1AADCC}.AppStore|Any CPU.Deploy.0 = Release|Any CPU
		{64B86FB8-235D-48CB-A8F5-5C5B4C1AADCC}.AppStore|ARM.ActiveCfg = Release|Any CPU
		{64B86FB8-235D-48CB-A8F5-5C5B4C1AADCC}.AppStore|ARM.Build.0 = Release|Any CPU
		{64B86FB8-235D-48CB-A8F5-5C5B4C1AADCC}.AppStore|ARM.Deploy.0 = Release|Any CPU
		{64B86FB8-235D-48CB-A8F5-5C5B4C1AADCC}.AppStore|iPhone.ActiveCfg = Release|Any CPU
		{64B86FB8-235D-48CB-A8F5-5C5B4C1AADCC}.AppStore|iPhone.Build.0 = Release|Any CPU
		{64B86FB8-235D-48CB-A8F5-5C5B4C1AADCC}.AppStore|iPhone.Deploy.0 = Release|Any CPU
		{64B86FB8-235D-48CB-A8F5-5C5B4C1AADCC}.AppStore|iPhoneSimulator.ActiveCfg = Release|Any CPU
		{64B86FB8-235D-48CB-A8F5-5C5B4C1AADCC}.AppStore|iPhoneSimulator.Build.0 = Release|Any CPU
		{64B86FB8-235D-48CB-A8F5-5C5B4C1AADCC}.AppStore|iPhoneSimulator.Deploy.0 = Release|Any CPU
		{64B86FB8-235D-48CB-A8F5-5C5B4C1AADCC}.AppStore|x64.ActiveCfg = Release|Any CPU
		{64B86FB8-235D-48CB-A8F5-5C5B4C1AADCC}.AppStore|x64.Build.0 = Release|Any CPU
		{64B86FB8-235D-48CB-A8F5-5C5B4C1AADCC}.AppStore|x64.Deploy.0 = Release|Any CPU
		{64B86FB8-235D-48CB-A8F5-5C5B4C1AADCC}.AppStore|x86.ActiveCfg = Release|Any CPU
		{64B86FB8-235D-48CB-A8F5-5C5B4C1AADCC}.AppStore|x86.Build.0 = Release|Any CPU
		{64B86FB8-235D-48CB-A8F5-5C5B4C1AADCC}.AppStore|x86.Deploy.0 = Release|Any CPU
		{64B86FB8-235D-48CB-A8F5-5C5B4C1AADCC}.Debug|Any CPU.ActiveCfg = Debug|Any CPU
		{64B86FB8-235D-48CB-A8F5-5C5B4C1AADCC}.Debug|Any CPU.Build.0 = Debug|Any CPU
		{64B86FB8-235D-48CB-A8F5-5C5B4C1AADCC}.Debug|Any CPU.Deploy.0 = Debug|Any CPU
		{64B86FB8-235D-48CB-A8F5-5C5B4C1AADCC}.Debug|ARM.ActiveCfg = Debug|Any CPU
		{64B86FB8-235D-48CB-A8F5-5C5B4C1AADCC}.Debug|ARM.Build.0 = Debug|Any CPU
		{64B86FB8-235D-48CB-A8F5-5C5B4C1AADCC}.Debug|ARM.Deploy.0 = Debug|Any CPU
		{64B86FB8-235D-48CB-A8F5-5C5B4C1AADCC}.Debug|iPhone.ActiveCfg = Debug|Any CPU
		{64B86FB8-235D-48CB-A8F5-5C5B4C1AADCC}.Debug|iPhone.Build.0 = Debug|Any CPU
		{64B86FB8-235D-48CB-A8F5-5C5B4C1AADCC}.Debug|iPhone.Deploy.0 = Debug|Any CPU
		{64B86FB8-235D-48CB-A8F5-5C5B4C1AADCC}.Debug|iPhoneSimulator.ActiveCfg = Debug|Any CPU
		{64B86FB8-235D-48CB-A8F5-5C5B4C1AADCC}.Debug|iPhoneSimulator.Build.0 = Debug|Any CPU
		{64B86FB8-235D-48CB-A8F5-5C5B4C1AADCC}.Debug|iPhoneSimulator.Deploy.0 = Debug|Any CPU
		{64B86FB8-235D-48CB-A8F5-5C5B4C1AADCC}.Debug|x64.ActiveCfg = Debug|Any CPU
		{64B86FB8-235D-48CB-A8F5-5C5B4C1AADCC}.Debug|x64.Build.0 = Debug|Any CPU
		{64B86FB8-235D-48CB-A8F5-5C5B4C1AADCC}.Debug|x64.Deploy.0 = Debug|Any CPU
		{64B86FB8-235D-48CB-A8F5-5C5B4C1AADCC}.Debug|x86.ActiveCfg = Debug|Any CPU
		{64B86FB8-235D-48CB-A8F5-5C5B4C1AADCC}.Debug|x86.Build.0 = Debug|Any CPU
		{64B86FB8-235D-48CB-A8F5-5C5B4C1AADCC}.Debug|x86.Deploy.0 = Debug|Any CPU
		{64B86FB8-235D-48CB-A8F5-5C5B4C1AADCC}.Release|Any CPU.ActiveCfg = Release|Any CPU
		{64B86FB8-235D-48CB-A8F5-5C5B4C1AADCC}.Release|Any CPU.Build.0 = Release|Any CPU
		{64B86FB8-235D-48CB-A8F5-5C5B4C1AADCC}.Release|Any CPU.Deploy.0 = Release|Any CPU
		{64B86FB8-235D-48CB-A8F5-5C5B4C1AADCC}.Release|ARM.ActiveCfg = Release|Any CPU
		{64B86FB8-235D-48CB-A8F5-5C5B4C1AADCC}.Release|ARM.Build.0 = Release|Any CPU
		{64B86FB8-235D-48CB-A8F5-5C5B4C1AADCC}.Release|ARM.Deploy.0 = Release|Any CPU
		{64B86FB8-235D-48CB-A8F5-5C5B4C1AADCC}.Release|iPhone.ActiveCfg = Release|Any CPU
		{64B86FB8-235D-48CB-A8F5-5C5B4C1AADCC}.Release|iPhone.Build.0 = Release|Any CPU
		{64B86FB8-235D-48CB-A8F5-5C5B4C1AADCC}.Release|iPhone.Deploy.0 = Release|Any CPU
		{64B86FB8-235D-48CB-A8F5-5C5B4C1AADCC}.Release|iPhoneSimulator.ActiveCfg = Release|Any CPU
		{64B86FB8-235D-48CB-A8F5-5C5B4C1AADCC}.Release|iPhoneSimulator.Build.0 = Release|Any CPU
		{64B86FB8-235D-48CB-A8F5-5C5B4C1AADCC}.Release|iPhoneSimulator.Deploy.0 = Release|Any CPU
		{64B86FB8-235D-48CB-A8F5-5C5B4C1AADCC}.Release|x64.ActiveCfg = Release|Any CPU
		{64B86FB8-235D-48CB-A8F5-5C5B4C1AADCC}.Release|x64.Build.0 = Release|Any CPU
		{64B86FB8-235D-48CB-A8F5-5C5B4C1AADCC}.Release|x64.Deploy.0 = Release|Any CPU
		{64B86FB8-235D-48CB-A8F5-5C5B4C1AADCC}.Release|x86.ActiveCfg = Release|Any CPU
		{64B86FB8-235D-48CB-A8F5-5C5B4C1AADCC}.Release|x86.Build.0 = Release|Any CPU
		{64B86FB8-235D-48CB-A8F5-5C5B4C1AADCC}.Release|x86.Deploy.0 = Release|Any CPU
		{7C09F67A-63FB-40FF-88A0-B994EA7A7C9F}.Ad-Hoc|Any CPU.ActiveCfg = Release|Any CPU
		{7C09F67A-63FB-40FF-88A0-B994EA7A7C9F}.Ad-Hoc|Any CPU.Build.0 = Release|Any CPU
		{7C09F67A-63FB-40FF-88A0-B994EA7A7C9F}.Ad-Hoc|ARM.ActiveCfg = Release|Any CPU
		{7C09F67A-63FB-40FF-88A0-B994EA7A7C9F}.Ad-Hoc|ARM.Build.0 = Release|Any CPU
		{7C09F67A-63FB-40FF-88A0-B994EA7A7C9F}.Ad-Hoc|iPhone.ActiveCfg = Release|Any CPU
		{7C09F67A-63FB-40FF-88A0-B994EA7A7C9F}.Ad-Hoc|iPhone.Build.0 = Release|Any CPU
		{7C09F67A-63FB-40FF-88A0-B994EA7A7C9F}.Ad-Hoc|iPhoneSimulator.ActiveCfg = Release|Any CPU
		{7C09F67A-63FB-40FF-88A0-B994EA7A7C9F}.Ad-Hoc|iPhoneSimulator.Build.0 = Release|Any CPU
		{7C09F67A-63FB-40FF-88A0-B994EA7A7C9F}.Ad-Hoc|x64.ActiveCfg = Release|Any CPU
		{7C09F67A-63FB-40FF-88A0-B994EA7A7C9F}.Ad-Hoc|x64.Build.0 = Release|Any CPU
		{7C09F67A-63FB-40FF-88A0-B994EA7A7C9F}.Ad-Hoc|x86.ActiveCfg = Release|Any CPU
		{7C09F67A-63FB-40FF-88A0-B994EA7A7C9F}.Ad-Hoc|x86.Build.0 = Release|Any CPU
		{7C09F67A-63FB-40FF-88A0-B994EA7A7C9F}.AppStore|Any CPU.ActiveCfg = Release|Any CPU
		{7C09F67A-63FB-40FF-88A0-B994EA7A7C9F}.AppStore|Any CPU.Build.0 = Release|Any CPU
		{7C09F67A-63FB-40FF-88A0-B994EA7A7C9F}.AppStore|ARM.ActiveCfg = Release|Any CPU
		{7C09F67A-63FB-40FF-88A0-B994EA7A7C9F}.AppStore|ARM.Build.0 = Release|Any CPU
		{7C09F67A-63FB-40FF-88A0-B994EA7A7C9F}.AppStore|iPhone.ActiveCfg = Release|Any CPU
		{7C09F67A-63FB-40FF-88A0-B994EA7A7C9F}.AppStore|iPhone.Build.0 = Release|Any CPU
		{7C09F67A-63FB-40FF-88A0-B994EA7A7C9F}.AppStore|iPhoneSimulator.ActiveCfg = Release|Any CPU
		{7C09F67A-63FB-40FF-88A0-B994EA7A7C9F}.AppStore|iPhoneSimulator.Build.0 = Release|Any CPU
		{7C09F67A-63FB-40FF-88A0-B994EA7A7C9F}.AppStore|x64.ActiveCfg = Release|Any CPU
		{7C09F67A-63FB-40FF-88A0-B994EA7A7C9F}.AppStore|x64.Build.0 = Release|Any CPU
		{7C09F67A-63FB-40FF-88A0-B994EA7A7C9F}.AppStore|x86.ActiveCfg = Release|Any CPU
		{7C09F67A-63FB-40FF-88A0-B994EA7A7C9F}.AppStore|x86.Build.0 = Release|Any CPU
		{7C09F67A-63FB-40FF-88A0-B994EA7A7C9F}.Debug|Any CPU.ActiveCfg = Debug|Any CPU
		{7C09F67A-63FB-40FF-88A0-B994EA7A7C9F}.Debug|Any CPU.Build.0 = Debug|Any CPU
		{7C09F67A-63FB-40FF-88A0-B994EA7A7C9F}.Debug|ARM.ActiveCfg = Debug|Any CPU
		{7C09F67A-63FB-40FF-88A0-B994EA7A7C9F}.Debug|ARM.Build.0 = Debug|Any CPU
		{7C09F67A-63FB-40FF-88A0-B994EA7A7C9F}.Debug|iPhone.ActiveCfg = Debug|Any CPU
		{7C09F67A-63FB-40FF-88A0-B994EA7A7C9F}.Debug|iPhone.Build.0 = Debug|Any CPU
		{7C09F67A-63FB-40FF-88A0-B994EA7A7C9F}.Debug|iPhoneSimulator.ActiveCfg = Debug|Any CPU
		{7C09F67A-63FB-40FF-88A0-B994EA7A7C9F}.Debug|iPhoneSimulator.Build.0 = Debug|Any CPU
		{7C09F67A-63FB-40FF-88A0-B994EA7A7C9F}.Debug|x64.ActiveCfg = Debug|Any CPU
		{7C09F67A-63FB-40FF-88A0-B994EA7A7C9F}.Debug|x64.Build.0 = Debug|Any CPU
		{7C09F67A-63FB-40FF-88A0-B994EA7A7C9F}.Debug|x86.ActiveCfg = Debug|Any CPU
		{7C09F67A-63FB-40FF-88A0-B994EA7A7C9F}.Debug|x86.Build.0 = Debug|Any CPU
		{7C09F67A-63FB-40FF-88A0-B994EA7A7C9F}.Release|Any CPU.ActiveCfg = Release|Any CPU
		{7C09F67A-63FB-40FF-88A0-B994EA7A7C9F}.Release|Any CPU.Build.0 = Release|Any CPU
		{7C09F67A-63FB-40FF-88A0-B994EA7A7C9F}.Release|ARM.ActiveCfg = Release|Any CPU
		{7C09F67A-63FB-40FF-88A0-B994EA7A7C9F}.Release|ARM.Build.0 = Release|Any CPU
		{7C09F67A-63FB-40FF-88A0-B994EA7A7C9F}.Release|iPhone.ActiveCfg = Release|Any CPU
		{7C09F67A-63FB-40FF-88A0-B994EA7A7C9F}.Release|iPhone.Build.0 = Release|Any CPU
		{7C09F67A-63FB-40FF-88A0-B994EA7A7C9F}.Release|iPhoneSimulator.ActiveCfg = Release|Any CPU
		{7C09F67A-63FB-40FF-88A0-B994EA7A7C9F}.Release|iPhoneSimulator.Build.0 = Release|Any CPU
		{7C09F67A-63FB-40FF-88A0-B994EA7A7C9F}.Release|x64.ActiveCfg = Release|Any CPU
		{7C09F67A-63FB-40FF-88A0-B994EA7A7C9F}.Release|x64.Build.0 = Release|Any CPU
		{7C09F67A-63FB-40FF-88A0-B994EA7A7C9F}.Release|x86.ActiveCfg = Release|Any CPU
		{7C09F67A-63FB-40FF-88A0-B994EA7A7C9F}.Release|x86.Build.0 = Release|Any CPU
		{043F3036-8B3D-4570-B40D-20A00D4443CD}.Ad-Hoc|Any CPU.ActiveCfg = Release|x86
		{043F3036-8B3D-4570-B40D-20A00D4443CD}.Ad-Hoc|Any CPU.Build.0 = Release|x86
		{043F3036-8B3D-4570-B40D-20A00D4443CD}.Ad-Hoc|Any CPU.Deploy.0 = Release|x86
		{043F3036-8B3D-4570-B40D-20A00D4443CD}.Ad-Hoc|ARM.ActiveCfg = Release|ARM
		{043F3036-8B3D-4570-B40D-20A00D4443CD}.Ad-Hoc|ARM.Build.0 = Release|ARM
		{043F3036-8B3D-4570-B40D-20A00D4443CD}.Ad-Hoc|ARM.Deploy.0 = Release|ARM
		{043F3036-8B3D-4570-B40D-20A00D4443CD}.Ad-Hoc|iPhone.ActiveCfg = Release|x86
		{043F3036-8B3D-4570-B40D-20A00D4443CD}.Ad-Hoc|iPhone.Build.0 = Release|x86
		{043F3036-8B3D-4570-B40D-20A00D4443CD}.Ad-Hoc|iPhone.Deploy.0 = Release|x86
		{043F3036-8B3D-4570-B40D-20A00D4443CD}.Ad-Hoc|iPhoneSimulator.ActiveCfg = Release|x86
		{043F3036-8B3D-4570-B40D-20A00D4443CD}.Ad-Hoc|iPhoneSimulator.Build.0 = Release|x86
		{043F3036-8B3D-4570-B40D-20A00D4443CD}.Ad-Hoc|iPhoneSimulator.Deploy.0 = Release|x86
		{043F3036-8B3D-4570-B40D-20A00D4443CD}.Ad-Hoc|x64.ActiveCfg = Release|x64
		{043F3036-8B3D-4570-B40D-20A00D4443CD}.Ad-Hoc|x64.Build.0 = Release|x64
		{043F3036-8B3D-4570-B40D-20A00D4443CD}.Ad-Hoc|x64.Deploy.0 = Release|x64
		{043F3036-8B3D-4570-B40D-20A00D4443CD}.Ad-Hoc|x86.ActiveCfg = Release|x86
		{043F3036-8B3D-4570-B40D-20A00D4443CD}.Ad-Hoc|x86.Build.0 = Release|x86
		{043F3036-8B3D-4570-B40D-20A00D4443CD}.Ad-Hoc|x86.Deploy.0 = Release|x86
		{043F3036-8B3D-4570-B40D-20A00D4443CD}.AppStore|Any CPU.ActiveCfg = Release|x86
		{043F3036-8B3D-4570-B40D-20A00D4443CD}.AppStore|Any CPU.Build.0 = Release|x86
		{043F3036-8B3D-4570-B40D-20A00D4443CD}.AppStore|Any CPU.Deploy.0 = Release|x86
		{043F3036-8B3D-4570-B40D-20A00D4443CD}.AppStore|ARM.ActiveCfg = Release|ARM
		{043F3036-8B3D-4570-B40D-20A00D4443CD}.AppStore|ARM.Build.0 = Release|ARM
		{043F3036-8B3D-4570-B40D-20A00D4443CD}.AppStore|ARM.Deploy.0 = Release|ARM
		{043F3036-8B3D-4570-B40D-20A00D4443CD}.AppStore|iPhone.ActiveCfg = Release|x86
		{043F3036-8B3D-4570-B40D-20A00D4443CD}.AppStore|iPhone.Build.0 = Release|x86
		{043F3036-8B3D-4570-B40D-20A00D4443CD}.AppStore|iPhone.Deploy.0 = Release|x86
		{043F3036-8B3D-4570-B40D-20A00D4443CD}.AppStore|iPhoneSimulator.ActiveCfg = Release|x86
		{043F3036-8B3D-4570-B40D-20A00D4443CD}.AppStore|iPhoneSimulator.Build.0 = Release|x86
		{043F3036-8B3D-4570-B40D-20A00D4443CD}.AppStore|iPhoneSimulator.Deploy.0 = Release|x86
		{043F3036-8B3D-4570-B40D-20A00D4443CD}.AppStore|x64.ActiveCfg = Release|x64
		{043F3036-8B3D-4570-B40D-20A00D4443CD}.AppStore|x64.Build.0 = Release|x64
		{043F3036-8B3D-4570-B40D-20A00D4443CD}.AppStore|x64.Deploy.0 = Release|x64
		{043F3036-8B3D-4570-B40D-20A00D4443CD}.AppStore|x86.ActiveCfg = Release|x86
		{043F3036-8B3D-4570-B40D-20A00D4443CD}.AppStore|x86.Build.0 = Release|x86
		{043F3036-8B3D-4570-B40D-20A00D4443CD}.AppStore|x86.Deploy.0 = Release|x86
		{043F3036-8B3D-4570-B40D-20A00D4443CD}.Debug|Any CPU.ActiveCfg = Debug|x86
		{043F3036-8B3D-4570-B40D-20A00D4443CD}.Debug|ARM.ActiveCfg = Debug|ARM
		{043F3036-8B3D-4570-B40D-20A00D4443CD}.Debug|ARM.Build.0 = Debug|ARM
		{043F3036-8B3D-4570-B40D-20A00D4443CD}.Debug|ARM.Deploy.0 = Debug|ARM
		{043F3036-8B3D-4570-B40D-20A00D4443CD}.Debug|iPhone.ActiveCfg = Debug|x86
		{043F3036-8B3D-4570-B40D-20A00D4443CD}.Debug|iPhoneSimulator.ActiveCfg = Debug|x86
		{043F3036-8B3D-4570-B40D-20A00D4443CD}.Debug|x64.ActiveCfg = Debug|x64
		{043F3036-8B3D-4570-B40D-20A00D4443CD}.Debug|x64.Build.0 = Debug|x64
		{043F3036-8B3D-4570-B40D-20A00D4443CD}.Debug|x64.Deploy.0 = Debug|x64
		{043F3036-8B3D-4570-B40D-20A00D4443CD}.Debug|x86.ActiveCfg = Debug|x86
		{043F3036-8B3D-4570-B40D-20A00D4443CD}.Debug|x86.Build.0 = Debug|x86
		{043F3036-8B3D-4570-B40D-20A00D4443CD}.Debug|x86.Deploy.0 = Debug|x86
		{043F3036-8B3D-4570-B40D-20A00D4443CD}.Release|Any CPU.ActiveCfg = Release|x86
		{043F3036-8B3D-4570-B40D-20A00D4443CD}.Release|ARM.ActiveCfg = Release|ARM
		{043F3036-8B3D-4570-B40D-20A00D4443CD}.Release|ARM.Build.0 = Release|ARM
		{043F3036-8B3D-4570-B40D-20A00D4443CD}.Release|ARM.Deploy.0 = Release|ARM
		{043F3036-8B3D-4570-B40D-20A00D4443CD}.Release|iPhone.ActiveCfg = Release|x86
		{043F3036-8B3D-4570-B40D-20A00D4443CD}.Release|iPhoneSimulator.ActiveCfg = Release|x86
		{043F3036-8B3D-4570-B40D-20A00D4443CD}.Release|x64.ActiveCfg = Release|x64
		{043F3036-8B3D-4570-B40D-20A00D4443CD}.Release|x64.Build.0 = Release|x64
		{043F3036-8B3D-4570-B40D-20A00D4443CD}.Release|x64.Deploy.0 = Release|x64
		{043F3036-8B3D-4570-B40D-20A00D4443CD}.Release|x86.ActiveCfg = Release|x86
		{043F3036-8B3D-4570-B40D-20A00D4443CD}.Release|x86.Build.0 = Release|x86
		{043F3036-8B3D-4570-B40D-20A00D4443CD}.Release|x86.Deploy.0 = Release|x86
		{1C4F71E9-AD7E-4DE7-9D5B-0E9B14310D01}.Ad-Hoc|Any CPU.ActiveCfg = Ad-Hoc|iPhone
		{1C4F71E9-AD7E-4DE7-9D5B-0E9B14310D01}.Ad-Hoc|ARM.ActiveCfg = Ad-Hoc|iPhone
		{1C4F71E9-AD7E-4DE7-9D5B-0E9B14310D01}.Ad-Hoc|iPhone.ActiveCfg = Ad-Hoc|iPhone
		{1C4F71E9-AD7E-4DE7-9D5B-0E9B14310D01}.Ad-Hoc|iPhone.Build.0 = Ad-Hoc|iPhone
		{1C4F71E9-AD7E-4DE7-9D5B-0E9B14310D01}.Ad-Hoc|iPhoneSimulator.ActiveCfg = Ad-Hoc|iPhoneSimulator
		{1C4F71E9-AD7E-4DE7-9D5B-0E9B14310D01}.Ad-Hoc|iPhoneSimulator.Build.0 = Ad-Hoc|iPhoneSimulator
		{1C4F71E9-AD7E-4DE7-9D5B-0E9B14310D01}.Ad-Hoc|x64.ActiveCfg = Ad-Hoc|iPhone
		{1C4F71E9-AD7E-4DE7-9D5B-0E9B14310D01}.Ad-Hoc|x86.ActiveCfg = Ad-Hoc|iPhone
		{1C4F71E9-AD7E-4DE7-9D5B-0E9B14310D01}.AppStore|Any CPU.ActiveCfg = AppStore|iPhone
		{1C4F71E9-AD7E-4DE7-9D5B-0E9B14310D01}.AppStore|ARM.ActiveCfg = AppStore|iPhone
		{1C4F71E9-AD7E-4DE7-9D5B-0E9B14310D01}.AppStore|iPhone.ActiveCfg = AppStore|iPhone
		{1C4F71E9-AD7E-4DE7-9D5B-0E9B14310D01}.AppStore|iPhone.Build.0 = AppStore|iPhone
		{1C4F71E9-AD7E-4DE7-9D5B-0E9B14310D01}.AppStore|iPhoneSimulator.ActiveCfg = AppStore|iPhoneSimulator
		{1C4F71E9-AD7E-4DE7-9D5B-0E9B14310D01}.AppStore|iPhoneSimulator.Build.0 = AppStore|iPhoneSimulator
		{1C4F71E9-AD7E-4DE7-9D5B-0E9B14310D01}.AppStore|x64.ActiveCfg = AppStore|iPhone
		{1C4F71E9-AD7E-4DE7-9D5B-0E9B14310D01}.AppStore|x86.ActiveCfg = AppStore|iPhone
		{1C4F71E9-AD7E-4DE7-9D5B-0E9B14310D01}.Debug|Any CPU.ActiveCfg = Debug|iPhone
		{1C4F71E9-AD7E-4DE7-9D5B-0E9B14310D01}.Debug|ARM.ActiveCfg = Debug|iPhone
		{1C4F71E9-AD7E-4DE7-9D5B-0E9B14310D01}.Debug|iPhone.ActiveCfg = Debug|iPhone
		{1C4F71E9-AD7E-4DE7-9D5B-0E9B14310D01}.Debug|iPhone.Build.0 = Debug|iPhone
		{1C4F71E9-AD7E-4DE7-9D5B-0E9B14310D01}.Debug|iPhoneSimulator.ActiveCfg = Debug|iPhoneSimulator
		{1C4F71E9-AD7E-4DE7-9D5B-0E9B14310D01}.Debug|iPhoneSimulator.Build.0 = Debug|iPhoneSimulator
		{1C4F71E9-AD7E-4DE7-9D5B-0E9B14310D01}.Debug|x64.ActiveCfg = Debug|iPhone
		{1C4F71E9-AD7E-4DE7-9D5B-0E9B14310D01}.Debug|x86.ActiveCfg = Debug|iPhone
		{1C4F71E9-AD7E-4DE7-9D5B-0E9B14310D01}.Release|Any CPU.ActiveCfg = Release|iPhone
		{1C4F71E9-AD7E-4DE7-9D5B-0E9B14310D01}.Release|ARM.ActiveCfg = Release|iPhone
		{1C4F71E9-AD7E-4DE7-9D5B-0E9B14310D01}.Release|iPhone.ActiveCfg = Release|iPhone
		{1C4F71E9-AD7E-4DE7-9D5B-0E9B14310D01}.Release|iPhone.Build.0 = Release|iPhone
		{1C4F71E9-AD7E-4DE7-9D5B-0E9B14310D01}.Release|iPhoneSimulator.ActiveCfg = Release|iPhoneSimulator
		{1C4F71E9-AD7E-4DE7-9D5B-0E9B14310D01}.Release|iPhoneSimulator.Build.0 = Release|iPhoneSimulator
		{1C4F71E9-AD7E-4DE7-9D5B-0E9B14310D01}.Release|x64.ActiveCfg = Release|iPhone
		{1C4F71E9-AD7E-4DE7-9D5B-0E9B14310D01}.Release|x86.ActiveCfg = Release|iPhone
	EndGlobalSection
	GlobalSection(SolutionProperties) = preSolution
		HideSolutionNode = FALSE
	EndGlobalSection
	GlobalSection(ExtensibilityGlobals) = postSolution
		SolutionGuid = {385C3AC0-5C07-440C-A8B0-47F77E2DFC41}
	EndGlobalSection
EndGlobal
